
Microsoft Visual Studio Solution File, Format Version 12.00
Project("{FAE04EC0-301F-11D3-BF4B-00C04F79EFBC}") = "MassTransitSample", "MassTransitSample\MassTransitSample.csproj", "{0787E207-4DD3-473F-A851-5C9CD9C6250B}"
EndProject
Global
	GlobalSection(SolutionConfigurationPlatforms) = preSolution
		Debug|Any CPU = Debug|Any CPU
		Release|Any CPU = Release|Any CPU
	EndGlobalSection
	GlobalSection(ProjectConfigurationPlatforms) = postSolution
		{0787E207-4DD3-473F-A851-5C9CD9C6250B}.Debug|Any CPU.ActiveCfg = Debug|Any CPU
		{0787E207-4DD3-473F-A851-5C9CD9C6250B}.Debug|Any CPU.Build.0 = Debug|Any CPU
		{0787E207-4DD3-473F-A851-5C9CD9C6250B}.Release|Any CPU.ActiveCfg = Release|Any CPU
		{0787E207-4DD3-473F-A851-5C9CD9C6250B}.Release|Any CPU.Build.0 = Release|Any CPU
	EndGlobalSection
EndGlobal
